
Microsoft Visual Studio Solution File, Format Version 12.00
# Visual Studio 2012
Project("{FAE04EC0-301F-11D3-BF4B-00C04F79EFBC}") = "Country Code Finder", "Country Code Finder\Country Code Finder.csproj", "{09D78A8F-D9C8-4705-BD39-54460B5CFA2C}"
EndProject
Global
	GlobalSection(SolutionConfigurationPlatforms) = preSolution
		Debug|Any CPU = Debug|Any CPU
		Release|Any CPU = Release|Any CPU
	EndGlobalSection
	GlobalSection(ProjectConfigurationPlatforms) = postSolution
		{09D78A8F-D9C8-4705-BD39-54460B5CFA2C}.Debug|Any CPU.ActiveCfg = Debug|Any CPU
		{09D78A8F-D9C8-4705-BD39-54460B5CFA2C}.Debug|Any CPU.Build.0 = Debug|Any CPU
		{09D78A8F-D9C8-4705-BD39-54460B5CFA2C}.Release|Any CPU.ActiveCfg = Release|Any CPU
		{09D78A8F-D9C8-4705-BD39-54460B5CFA2C}.Release|Any CPU.Build.0 = Release|Any CPU
	EndGlobalSection
	GlobalSection(SolutionProperties) = preSolution
		HideSolutionNode = FALSE
	EndGlobalSection
EndGlobal
